{
  "name": "slotmachine",
  "version": "1.0.0",
  "lockfileVersion": 1,
  "requires": true,
  "dependencies": {
    "howler": {
      "version": "2.1.2",
      "resolved": "https://registry.npmjs.org/howler/-/howler-2.1.2.tgz",
      "integrity": "sha512-oKrTFaVXsDRoB/jik7cEpWKTj7VieoiuzMYJ7E/EU5ayvmpRhumCv3YQ3823zi9VTJkSWAhbryHnlZAionGAJg=="
    },
    "lodash": {
      "version": "4.17.15",
      "resolved": "https://registry.npmjs.org/lodash/-/lodash-4.17.15.tgz",
      "integrity": "sha512-8xOcRHvCjnocdS5cpwXQXVzmmh5e5+saE2QGoeQmbKmRS6J3VQppPOIt0MnmE+4xlZoumy0GPG0D0MVIQbNA1A=="
    },
    "postal": {
      "version": "2.0.5",
      "resolved": "https://registry.npmjs.org/postal/-/postal-2.0.5.tgz",
      "integrity": "sha1-f58DWUOiTaqZY6xaU7XQzwffJLk=",
      "requires": {
        "lodash": "^4.12.0"
      }
    }
  }
}
